
Microsoft Visual Studio Solution File, Format Version 11.00
# Visual Studio 2010
Project("{FAE04EC0-301F-11D3-BF4B-00C04F79EFBC}") = "SEND_VIA_SOCKET", "SEND_VIA_SOCKET\SEND_VIA_SOCKET.csproj", "{429BBD3D-1D85-4EA4-8733-E3460FA05FC3}"
EndProject
Global
	GlobalSection(SolutionConfigurationPlatforms) = preSolution
		Debug|x86 = Debug|x86
		Release|x86 = Release|x86
	EndGlobalSection
	GlobalSection(ProjectConfigurationPlatforms) = postSolution
		{429BBD3D-1D85-4EA4-8733-E3460FA05FC3}.Debug|x86.ActiveCfg = Debug|x86
		{429BBD3D-1D85-4EA4-8733-E3460FA05FC3}.Debug|x86.Build.0 = Debug|x86
		{429BBD3D-1D85-4EA4-8733-E3460FA05FC3}.Release|x86.ActiveCfg = Release|x86
		{429BBD3D-1D85-4EA4-8733-E3460FA05FC3}.Release|x86.Build.0 = Release|x86
	EndGlobalSection
	GlobalSection(SolutionProperties) = preSolution
		HideSolutionNode = FALSE
	EndGlobalSection
EndGlobal
